
Microsoft Visual Studio Solution File, Format Version 12.00
# Visual Studio Version 17
VisualStudioVersion = 17.10.35122.118
MinimumVisualStudioVersion = 10.0.40219.1
Project("{FAE04EC0-301F-11D3-BF4B-00C04F79EFBC}") = "Aula06", "Aula06.csproj", "{47EEC95F-809B-4F7B-982A-38EC8D11DC46}"
EndProject
Global
	GlobalSection(SolutionConfigurationPlatforms) = preSolution
		Debug|Any CPU = Debug|Any CPU
		Release|Any CPU = Release|Any CPU
	EndGlobalSection
	GlobalSection(ProjectConfigurationPlatforms) = postSolution
		{47EEC95F-809B-4F7B-982A-38EC8D11DC46}.Debug|Any CPU.ActiveCfg = Debug|Any CPU
		{47EEC95F-809B-4F7B-982A-38EC8D11DC46}.Debug|Any CPU.Build.0 = Debug|Any CPU
		{47EEC95F-809B-4F7B-982A-38EC8D11DC46}.Release|Any CPU.ActiveCfg = Release|Any CPU
		{47EEC95F-809B-4F7B-982A-38EC8D11DC46}.Release|Any CPU.Build.0 = Release|Any CPU
	EndGlobalSection
	GlobalSection(SolutionProperties) = preSolution
		HideSolutionNode = FALSE
	EndGlobalSection
	GlobalSection(ExtensibilityGlobals) = postSolution
		SolutionGuid = {7BA13798-D046-4429-ABCA-00DD4ACD82D3}
	EndGlobalSection
EndGlobal
